// !$*UTF8*$!
{
	archiveVersion = 1;
	classes = {
	};
	objectVersion = 46;
	objects = {

/* Begin PBXBuildFile section */
		0A00CAF41859A29C0088B684 /* libMobClickLibrary.a in Frameworks */ = {isa = PBXBuildFile; fileRef = 0A00CAF21859A29C0088B684 /* libMobClickLibrary.a */; };
		0A00CAF61859A2B70088B684 /* libz.dylib in Frameworks */ = {isa = PBXBuildFile; fileRef = 0A00CAF51859A2B70088B684 /* libz.dylib */; };
		0A07F96918584C71003F523E /* Foundation.framework in Frameworks */ = {isa = PBXBuildFile; fileRef = 0A07F96818584C71003F523E /* Foundation.framework */; };
		0A07F96B18584C71003F523E /* CoreGraphics.framework in Frameworks */ = {isa = PBXBuildFile; fileRef = 0A07F96A18584C71003F523E /* CoreGraphics.framework */; };
		0A07F96D18584C71003F523E /* UIKit.framework in Frameworks */ = {isa = PBXBuildFile; fileRef = 0A07F96C18584C71003F523E /* UIKit.framework */; };
		0A07F97318584C71003F523E /* InfoPlist.strings in Resources */ = {isa = PBXBuildFile; fileRef = 0A07F97118584C71003F523E /* InfoPlist.strings */; };
		0A07F97518584C71003F523E /* main.m in Sources */ = {isa = PBXBuildFile; fileRef = 0A07F97418584C71003F523E /* main.m */; };
		0A07F97918584C71003F523E /* PWMAppDelegate.m in Sources */ = {isa = PBXBuildFile; fileRef = 0A07F97818584C71003F523E /* PWMAppDelegate.m */; };
		0A07F97C18584C71003F523E /* Main.storyboard in Resources */ = {isa = PBXBuildFile; fileRef = 0A07F97A18584C71003F523E /* Main.storyboard */; };
		0A07F98118584C71003F523E /* Images.xcassets in Resources */ = {isa = PBXBuildFile; fileRef = 0A07F98018584C71003F523E /* Images.xcassets */; };
		0A07F98818584C71003F523E /* XCTest.framework in Frameworks */ = {isa = PBXBuildFile; fileRef = 0A07F98718584C71003F523E /* XCTest.framework */; };
		0A07F98918584C71003F523E /* Foundation.framework in Frameworks */ = {isa = PBXBuildFile; fileRef = 0A07F96818584C71003F523E /* Foundation.framework */; };
		0A07F98A18584C71003F523E /* UIKit.framework in Frameworks */ = {isa = PBXBuildFile; fileRef = 0A07F96C18584C71003F523E /* UIKit.framework */; };
		0A07F99218584C71003F523E /* InfoPlist.strings in Resources */ = {isa = PBXBuildFile; fileRef = 0A07F99018584C71003F523E /* InfoPlist.strings */; };
		0A07F99418584C71003F523E /* PMTests.m in Sources */ = {isa = PBXBuildFile; fileRef = 0A07F99318584C71003F523E /* PMTests.m */; };
		0A07F99F18584D79003F523E /* PWMViewController.m in Sources */ = {isa = PBXBuildFile; fileRef = 0A07F99E18584D79003F523E /* PWMViewController.m */; };
		0A07F9A818584F74003F523E /* PWMAddAccountViewController.m in Sources */ = {isa = PBXBuildFile; fileRef = 0A07F9A618584F74003F523E /* PWMAddAccountViewController.m */; };
		0A07F9A918584F74003F523E /* PWMAddAccountViewController.xib in Resources */ = {isa = PBXBuildFile; fileRef = 0A07F9A718584F74003F523E /* PWMAddAccountViewController.xib */; };
/* End PBXBuildFile section */

/* Begin PBXContainerItemProxy section */
		0A07F98B18584C71003F523E /* PBXContainerItemProxy */ = {
			isa = PBXContainerItemProxy;
			containerPortal = 0A07F95D18584C71003F523E /* Project object */;
			proxyType = 1;
			remoteGlobalIDString = 0A07F96418584C71003F523E;
			remoteInfo = PM;
		};
/* End PBXContainerItemProxy section */

/* Begin PBXFileReference section */
		0A00CAF21859A29C0088B684 /* libMobClickLibrary.a */ = {isa = PBXFileReference; lastKnownFileType = archive.ar; path = libMobClickLibrary.a; sourceTree = "<group>"; };
		0A00CAF31859A29C0088B684 /* MobClick.h */ = {isa = PBXFileReference; fileEncoding = 4; lastKnownFileType = sourcecode.c.h; path = MobClick.h; sourceTree = "<group>"; };
		0A00CAF51859A2B70088B684 /* libz.dylib */ = {isa = PBXFileReference; lastKnownFileType = "compiled.mach-o.dylib"; name = libz.dylib; path = usr/lib/libz.dylib; sourceTree = SDKROOT; };
		0A07F96518584C71003F523E /* PM.app */ = {isa = PBXFileReference; explicitFileType = wrapper.application; includeInIndex = 0; path = PM.app; sourceTree = BUILT_PRODUCTS_DIR; };
		0A07F96818584C71003F523E /* Foundation.framework */ = {isa = PBXFileReference; lastKnownFileType = wrapper.framework; name = Foundation.framework; path = System/Library/Frameworks/Foundation.framework; sourceTree = SDKROOT; };
		0A07F96A18584C71003F523E /* CoreGraphics.framework */ = {isa = PBXFileReference; lastKnownFileType = wrapper.framework; name = CoreGraphics.framework; path = System/Library/Frameworks/CoreGraphics.framework; sourceTree = SDKROOT; };
		0A07F96C18584C71003F523E /* UIKit.framework */ = {isa = PBXFileReference; lastKnownFileType = wrapper.framework; name = UIKit.framework; path = System/Library/Frameworks/UIKit.framework; sourceTree = SDKROOT; };
		0A07F97018584C71003F523E /* PM-Info.plist */ = {isa = PBXFileReference; lastKnownFileType = text.plist.xml; path = "PM-Info.plist"; sourceTree = "<group>"; };
		0A07F97218584C71003F523E /* en */ = {isa = PBXFileReference; lastKnownFileType = text.plist.strings; name = en; path = en.lproj/InfoPlist.strings; sourceTree = "<group>"; };
		0A07F97418584C71003F523E /* main.m */ = {isa = PBXFileReference; lastKnownFileType = sourcecode.c.objc; path = main.m; sourceTree = "<group>"; };
		0A07F97618584C71003F523E /* PM-Prefix.pch */ = {isa = PBXFileReference; lastKnownFileType = sourcecode.c.h; path = "PM-Prefix.pch"; sourceTree = "<group>"; };
		0A07F97718584C71003F523E /* PWMAppDelegate.h */ = {isa = PBXFileReference; lastKnownFileType = sourcecode.c.h; path = PWMAppDelegate.h; sourceTree = "<group>"; };
		0A07F97818584C71003F523E /* PWMAppDelegate.m */ = {isa = PBXFileReference; lastKnownFileType = sourcecode.c.objc; path = PWMAppDelegate.m; sourceTree = "<group>"; };
		0A07F97B18584C71003F523E /* Base */ = {isa = PBXFileReference; lastKnownFileType = file.storyboard; name = Base; path = Base.lproj/Main.storyboard; sourceTree = "<group>"; };
		0A07F98018584C71003F523E /* Images.xcassets */ = {isa = PBXFileReference; lastKnownFileType = folder.assetcatalog; path = Images.xcassets; sourceTree = "<group>"; };
		0A07F98618584C71003F523E /* PMTests.xctest */ = {isa = PBXFileReference; explicitFileType = wrapper.cfbundle; includeInIndex = 0; path = PMTests.xctest; sourceTree = BUILT_PRODUCTS_DIR; };
		0A07F98718584C71003F523E /* XCTest.framework */ = {isa = PBXFileReference; lastKnownFileType = wrapper.framework; name = XCTest.framework; path = Library/Frameworks/XCTest.framework; sourceTree = DEVELOPER_DIR; };
		0A07F98F18584C71003F523E /* PMTests-Info.plist */ = {isa = PBXFileReference; lastKnownFileType = text.plist.xml; path = "PMTests-Info.plist"; sourceTree = "<group>"; };
		0A07F99118584C71003F523E /* en */ = {isa = PBXFileReference; lastKnownFileType = text.plist.strings; name = en; path = en.lproj/InfoPlist.strings; sourceTree = "<group>"; };
		0A07F99318584C71003F523E /* PMTests.m */ = {isa = PBXFileReference; lastKnownFileType = sourcecode.c.objc; path = PMTests.m; sourceTree = "<group>"; };
		0A07F99D18584D79003F523E /* PWMViewController.h */ = {isa = PBXFileReference; fileEncoding = 4; lastKnownFileType = sourcecode.c.h; path = PWMViewController.h; sourceTree = "<group>"; };
		0A07F99E18584D79003F523E /* PWMViewController.m */ = {isa = PBXFileReference; fileEncoding = 4; lastKnownFileType = sourcecode.c.objc; path = PWMViewController.m; sourceTree = "<group>"; };
		0A07F9A518584F74003F523E /* PWMAddAccountViewController.h */ = {isa = PBXFileReference; fileEncoding = 4; lastKnownFileType = sourcecode.c.h; path = PWMAddAccountViewController.h; sourceTree = "<group>"; };
		0A07F9A618584F74003F523E /* PWMAddAccountViewController.m */ = {isa = PBXFileReference; fileEncoding = 4; lastKnownFileType = sourcecode.c.objc; path = PWMAddAccountViewController.m; sourceTree = "<group>"; };
		0A07F9A718584F74003F523E /* PWMAddAccountViewController.xib */ = {isa = PBXFileReference; fileEncoding = 4; lastKnownFileType = file.xib; path = PWMAddAccountViewController.xib; sourceTree = "<group>"; };
/* End PBXFileReference section */

/* Begin PBXFrameworksBuildPhase section */
		0A07F96218584C71003F523E /* Frameworks */ = {
			isa = PBXFrameworksBuildPhase;
			buildActionMask = 2147483647;
			files = (
				0A00CAF61859A2B70088B684 /* libz.dylib in Frameworks */,
				0A07F96B18584C71003F523E /* CoreGraphics.framework in Frameworks */,
				0A07F96D18584C71003F523E /* UIKit.framework in Frameworks */,
				0A07F96918584C71003F523E /* Foundation.framework in Frameworks */,
				0A00CAF41859A29C0088B684 /* libMobClickLibrary.a in Frameworks */,
			);
			runOnlyForDeploymentPostprocessing = 0;
		};
		0A07F98318584C71003F523E /* Frameworks */ = {
			isa = PBXFrameworksBuildPhase;
			buildActionMask = 2147483647;
			files = (
				0A07F98818584C71003F523E /* XCTest.framework in Frameworks */,
				0A07F98A18584C71003F523E /* UIKit.framework in Frameworks */,
				0A07F98918584C71003F523E /* Foundation.framework in Frameworks */,
			);
			runOnlyForDeploymentPostprocessing = 0;
		};
/* End PBXFrameworksBuildPhase section */

/* Begin PBXGroup section */
		0A07F95C18584C71003F523E = {
			isa = PBXGroup;
			children = (
				0A07F96E18584C71003F523E /* PM */,
				0A07F98D18584C71003F523E /* PMTests */,
				0A07F96718584C71003F523E /* Frameworks */,
				0A07F96618584C71003F523E /* Products */,
			);
			sourceTree = "<group>";
		};
		0A07F96618584C71003F523E /* Products */ = {
			isa = PBXGroup;
			children = (
				0A07F96518584C71003F523E /* PM.app */,
				0A07F98618584C71003F523E /* PMTests.xctest */,
			);
			name = Products;
			sourceTree = "<group>";
		};
		0A07F96718584C71003F523E /* Frameworks */ = {
			isa = PBXGroup;
			children = (
				0A00CAF51859A2B70088B684 /* libz.dylib */,
				0A07F96818584C71003F523E /* Foundation.framework */,
				0A07F96A18584C71003F523E /* CoreGraphics.framework */,
				0A07F96C18584C71003F523E /* UIKit.framework */,
				0A07F98718584C71003F523E /* XCTest.framework */,
			);
			name = Frameworks;
			sourceTree = "<group>";
		};
		0A07F96E18584C71003F523E /* PM */ = {
			isa = PBXGroup;
			children = (
				0A07F97718584C71003F523E /* PWMAppDelegate.h */,
				0A07F97818584C71003F523E /* PWMAppDelegate.m */,
				0A07F97A18584C71003F523E /* Main.storyboard */,
				0A07F98018584C71003F523E /* Images.xcassets */,
				0A07F96F18584C71003F523E /* Supporting Files */,
				0A07F99D18584D79003F523E /* PWMViewController.h */,
				0A07F99E18584D79003F523E /* PWMViewController.m */,
				0A07F9A518584F74003F523E /* PWMAddAccountViewController.h */,
				0A07F9A618584F74003F523E /* PWMAddAccountViewController.m */,
				0A07F9A718584F74003F523E /* PWMAddAccountViewController.xib */,
			);
			path = PM;
			sourceTree = "<group>";
		};
		0A07F96F18584C71003F523E /* Supporting Files */ = {
			isa = PBXGroup;
			children = (
				0A00CAF21859A29C0088B684 /* libMobClickLibrary.a */,
				0A00CAF31859A29C0088B684 /* MobClick.h */,
				0A07F97018584C71003F523E /* PM-Info.plist */,
				0A07F97118584C71003F523E /* InfoPlist.strings */,
				0A07F97418584C71003F523E /* main.m */,
				0A07F97618584C71003F523E /* PM-Prefix.pch */,
			);
			name = "Supporting Files";
			sourceTree = "<group>";
		};
		0A07F98D18584C71003F523E /* PMTests */ = {
			isa = PBXGroup;
			children = (
				0A07F99318584C71003F523E /* PMTests.m */,
				0A07F98E18584C71003F523E /* Supporting Files */,
			);
			path = PMTests;
			sourceTree = "<group>";
		};
		0A07F98E18584C71003F523E /* Supporting Files */ = {
			isa = PBXGroup;
			children = (
				0A07F98F18584C71003F523E /* PMTests-Info.plist */,
				0A07F99018584C71003F523E /* InfoPlist.strings */,
			);
			name = "Supporting Files";
			sourceTree = "<group>";
		};
/* End PBXGroup section */

/* Begin PBXNativeTarget section */
		0A07F96418584C71003F523E /* PM */ = {
			isa = PBXNativeTarget;
			buildConfigurationList = 0A07F99718584C71003F523E /* Build configuration list for PBXNativeTarget "PM" */;
			buildPhases = (
				0A07F96118584C71003F523E /* Sources */,
				0A07F96218584C71003F523E /* Frameworks */,
				0A07F96318584C71003F523E /* Resources */,
			);
			buildRules = (
			);
			dependencies = (
			);
			name = PM;
			productName = PM;
			productReference = 0A07F96518584C71003F523E /* PM.app */;
			productType = "com.apple.product-type.application";
		};
		0A07F98518584C71003F523E /* PMTests */ = {
			isa = PBXNativeTarget;
			buildConfigurationList = 0A07F99A18584C71003F523E /* Build configuration list for PBXNativeTarget "PMTests" */;
			buildPhases = (
				0A07F98218584C71003F523E /* Sources */,
				0A07F98318584C71003F523E /* Frameworks */,
				0A07F98418584C71003F523E /* Resources */,
			);
			buildRules = (
			);
			dependencies = (
				0A07F98C18584C71003F523E /* PBXTargetDependency */,
			);
			name = PMTests;
			productName = PMTests;
			productReference = 0A07F98618584C71003F523E /* PMTests.xctest */;
			productType = "com.apple.product-type.bundle.unit-test";
		};
/* End PBXNativeTarget section */

/* Begin PBXProject section */
		0A07F95D18584C71003F523E /* Project object */ = {
			isa = PBXProject;
			attributes = {
				CLASSPREFIX = PWM;
				LastUpgradeCheck = 0500;
				ORGANIZATIONNAME = Kevin;
				TargetAttributes = {
					0A07F96418584C71003F523E = {
						DevelopmentTeam = 723L5T769R;
					};
					0A07F98518584C71003F523E = {
						TestTargetID = 0A07F96418584C71003F523E;
					};
				};
			};
			buildConfigurationList = 0A07F96018584C71003F523E /* Build configuration list for PBXProject "PM" */;
			compatibilityVersion = "Xcode 3.2";
			developmentRegion = English;
			hasScannedForEncodings = 0;
			knownRegions = (
				en,
				Base,
			);
			mainGroup = 0A07F95C18584C71003F523E;
			productRefGroup = 0A07F96618584C71003F523E /* Products */;
			projectDirPath = "";
			projectRoot = "";
			targets = (
				0A07F96418584C71003F523E /* PM */,
				0A07F98518584C71003F523E /* PMTests */,
			);
		};
/* End PBXProject section */

/* Begin PBXResourcesBuildPhase section */
		0A07F96318584C71003F523E /* Resources */ = {
			isa = PBXResourcesBuildPhase;
			buildActionMask = 2147483647;
			files = (
				0A07F98118584C71003F523E /* Images.xcassets in Resources */,
				0A07F9A918584F74003F523E /* PWMAddAccountViewController.xib in Resources */,
				0A07F97318584C71003F523E /* InfoPlist.strings in Resources */,
				0A07F97C18584C71003F523E /* Main.storyboard in Resources */,
			);
			runOnlyForDeploymentPostprocessing = 0;
		};
		0A07F98418584C71003F523E /* Resources */ = {
			isa = PBXResourcesBuildPhase;
			buildActionMask = 2147483647;
			files = (
				0A07F99218584C71003F523E /* InfoPlist.strings in Resources */,
			);
			runOnlyForDeploymentPostprocessing = 0;
		};
/* End PBXResourcesBuildPhase section */

/* Begin PBXSourcesBuildPhase section */
		0A07F96118584C71003F523E /* Sources */ = {
			isa = PBXSourcesBuildPhase;
			buildActionMask = 2147483647;
			files = (
				0A07F97518584C71003F523E /* main.m in Sources */,
				0A07F9A818584F74003F523E /* PWMAddAccountViewController.m in Sources */,
				0A07F99F18584D79003F523E /* PWMViewController.m in Sources */,
				0A07F97918584C71003F523E /* PWMAppDelegate.m in Sources */,
			);
			runOnlyForDeploymentPostprocessing = 0;
		};
		0A07F98218584C71003F523E /* Sources */ = {
			isa = PBXSourcesBuildPhase;
			buildActionMask = 2147483647;
			files = (
				0A07F99418584C71003F523E /* PMTests.m in Sources */,
			);
			runOnlyForDeploymentPostprocessing = 0;
		};
/* End PBXSourcesBuildPhase section */

/* Begin PBXTargetDependency section */
		0A07F98C18584C71003F523E /* PBXTargetDependency */ = {
			isa = PBXTargetDependency;
			target = 0A07F96418584C71003F523E /* PM */;
			targetProxy = 0A07F98B18584C71003F523E /* PBXContainerItemProxy */;
		};
/* End PBXTargetDependency section */

/* Begin PBXVariantGroup section */
		0A07F97118584C71003F523E /* InfoPlist.strings */ = {
			isa = PBXVariantGroup;
			children = (
				0A07F97218584C71003F523E /* en */,
			);
			name = InfoPlist.strings;
			sourceTree = "<group>";
		};
		0A07F97A18584C71003F523E /* Main.storyboard */ = {
			isa = PBXVariantGroup;
			children = (
				0A07F97B18584C71003F523E /* Base */,
			);
			name = Main.storyboard;
			sourceTree = "<group>";
		};
		0A07F99018584C71003F523E /* InfoPlist.strings */ = {
			isa = PBXVariantGroup;
			children = (
				0A07F99118584C71003F523E /* en */,
			);
			name = InfoPlist.strings;
			sourceTree = "<group>";
		};
/* End PBXVariantGroup section */

/* Begin XCBuildConfiguration section */
		0A07F99518584C71003F523E /* Debug */ = {
			isa = XCBuildConfiguration;
			buildSettings = {
				ALWAYS_SEARCH_USER_PATHS = NO;
				ARCHS = "$(ARCHS_STANDARD_INCLUDING_64_BIT)";
				CLANG_CXX_LANGUAGE_STANDARD = "gnu++0x";
				CLANG_CXX_LIBRARY = "libc++";
				CLANG_ENABLE_MODULES = YES;
				CLANG_ENABLE_OBJC_ARC = YES;
				CLANG_WARN_BOOL_CONVERSION = YES;
				CLANG_WARN_CONSTANT_CONVERSION = YES;
				CLANG_WARN_DIRECT_OBJC_ISA_USAGE = YES_ERROR;
				CLANG_WARN_EMPTY_BODY = YES;
				CLANG_WARN_ENUM_CONVERSION = YES;
				CLANG_WARN_INT_CONVERSION = YES;
				CLANG_WARN_OBJC_ROOT_CLASS = YES_ERROR;
				CLANG_WARN__DUPLICATE_METHOD_MATCH = YES;
				"CODE_SIGN_IDENTITY[sdk=iphoneos*]" = "iPhone Developer";
				COPY_PHASE_STRIP = NO;
				GCC_C_LANGUAGE_STANDARD = gnu99;
				GCC_DYNAMIC_NO_PIC = NO;
				GCC_OPTIMIZATION_LEVEL = 0;
				GCC_PREPROCESSOR_DEFINITIONS = (
					"DEBUG=1",
					"$(inherited)",
				);
				GCC_SYMBOLS_PRIVATE_EXTERN = NO;
				GCC_WARN_64_TO_32_BIT_CONVERSION = YES;
				GCC_WARN_ABOUT_RETURN_TYPE = YES_ERROR;
				GCC_WARN_UNDECLARED_SELECTOR = YES;
				GCC_WARN_UNINITIALIZED_AUTOS = YES;
				GCC_WARN_UNUSED_FUNCTION = YES;
				GCC_WARN_UNUSED_VARIABLE = YES;
				IPHONEOS_DEPLOYMENT_TARGET = 7.0;
				ONLY_ACTIVE_ARCH = YES;
				SDKROOT = iphoneos;
			};
			name = Debug;
		};
		0A07F99618584C71003F523E /* Release */ = {
			isa = XCBuildConfiguration;
			buildSettings = {
				ALWAYS_SEARCH_USER_PATHS = NO;
				ARCHS = "$(ARCHS_STANDARD_INCLUDING_64_BIT)";
				CLANG_CXX_LANGUAGE_STANDARD = "gnu++0x";
				CLANG_CXX_LIBRARY = "libc++";
				CLANG_ENABLE_MODULES = YES;
				CLANG_ENABLE_OBJC_ARC = YES;
				CLANG_WARN_BOOL_CONVERSION = YES;
				CLANG_WARN_CONSTANT_CONVERSION = YES;
				CLANG_WARN_DIRECT_OBJC_ISA_USAGE = YES_ERROR;
				CLANG_WARN_EMPTY_BODY = YES;
				CLANG_WARN_ENUM_CONVERSION = YES;
				CLANG_WARN_INT_CONVERSION = YES;
				CLANG_WARN_OBJC_ROOT_CLASS = YES_ERROR;
				CLANG_WARN__DUPLICATE_METHOD_MATCH = YES;
				"CODE_SIGN_IDENTITY[sdk=iphoneos*]" = "iPhone Developer";
				COPY_PHASE_STRIP = YES;
				ENABLE_NS_ASSERTIONS = NO;
				GCC_C_LANGUAGE_STANDARD = gnu99;
				GCC_WARN_64_TO_32_BIT_CONVERSION = YES;
				GCC_WARN_ABOUT_RETURN_TYPE = YES_ERROR;
				GCC_WARN_UNDECLARED_SELECTOR = YES;
				GCC_WARN_UNINITIALIZED_AUTOS = YES;
				GCC_WARN_UNUSED_FUNCTION = YES;
				GCC_WARN_UNUSED_VARIABLE = YES;
				IPHONEOS_DEPLOYMENT_TARGET = 7.0;
				SDKROOT = iphoneos;
				VALIDATE_PRODUCT = YES;
			};
			name = Release;
		};
		0A07F99818584C71003F523E /* Debug */ = {
			isa = XCBuildConfiguration;
			buildSettings = {
				ASSETCATALOG_COMPILER_APPICON_NAME = AppIcon;
				ASSETCATALOG_COMPILER_LAUNCHIMAGE_NAME = LaunchImage;
				CODE_SIGN_IDENTITY = "iPhone Developer";
				"CODE_SIGN_IDENTITY[sdk=iphoneos*]" = "iPhone Developer";
				GCC_PRECOMPILE_PREFIX_HEADER = YES;
				GCC_PREFIX_HEADER = "PM/PM-Prefix.pch";
				INFOPLIST_FILE = "PM/PM-Info.plist";
				LIBRARY_SEARCH_PATHS = (
					"$(inherited)",
					/Users/kevin/Github/PWManager/PM/PM,
				);
				PRODUCT_NAME = "$(TARGET_NAME)";
				PROVISIONING_PROFILE = "";
				WRAPPER_EXTENSION = app;
			};
			name = Debug;
		};
		0A07F99918584C71003F523E /* Release */ = {
			isa = XCBuildConfiguration;
			buildSettings = {
				ASSETCATALOG_COMPILER_APPICON_NAME = AppIcon;
				ASSETCATALOG_COMPILER_LAUNCHIMAGE_NAME = LaunchImage;
				CODE_SIGN_IDENTITY = "iPhone Developer";
				"CODE_SIGN_IDENTITY[sdk=iphoneos*]" = "iPhone Developer";
				GCC_PRECOMPILE_PREFIX_HEADER = YES;
				GCC_PREFIX_HEADER = "PM/PM-Prefix.pch";
				INFOPLIST_FILE = "PM/PM-Info.plist";
				LIBRARY_SEARCH_PATHS = (
					"$(inherited)",
					/Users/kevin/Github/PWManager/PM/PM,
				);
				PRODUCT_NAME = "$(TARGET_NAME)";
				PROVISIONING_PROFILE = "";
				WRAPPER_EXTENSION = app;
			};
			name = Release;
		};
		0A07F99B18584C71003F523E /* Debug */ = {
			isa = XCBuildConfiguration;
			buildSettings = {
				ARCHS = "$(ARCHS_STANDARD_INCLUDING_64_BIT)";
				BUNDLE_LOADER = "$(BUILT_PRODUCTS_DIR)/PM.app/PM";
				FRAMEWORK_SEARCH_PATHS = (
					"$(SDKROOT)/Developer/Library/Frameworks",
					"$(inherited)",
					"$(DEVELOPER_FRAMEWORKS_DIR)",
				);
				GCC_PRECOMPILE_PREFIX_HEADER = YES;
				GCC_PREFIX_HEADER = "PM/PM-Prefix.pch";
				GCC_PREPROCESSOR_DEFINITIONS = (
					"DEBUG=1",
					"$(inherited)",
				);
				INFOPLIST_FILE = "PMTests/PMTests-Info.plist";
				PRODUCT_NAME = "$(TARGET_NAME)";
				TEST_HOST = "$(BUNDLE_LOADER)";
				WRAPPER_EXTENSION = xctest;
			};
			name = Debug;
		};
		0A07F99C18584C71003F523E /* Release */ = {
			isa = XCBuildConfiguration;
			buildSettings = {
				ARCHS = "$(ARCHS_STANDARD_INCLUDING_64_BIT)";
				BUNDLE_LOADER = "$(BUILT_PRODUCTS_DIR)/PM.app/PM";
				FRAMEWORK_SEARCH_PATHS = (
					"$(SDKROOT)/Developer/Library/Frameworks",
					"$(inherited)",
					"$(DEVELOPER_FRAMEWORKS_DIR)",
				);
				GCC_PRECOMPILE_PREFIX_HEADER = YES;
				GCC_PREFIX_HEADER = "PM/PM-Prefix.pch";
				INFOPLIST_FILE = "PMTests/PMTests-Info.plist";
				PRODUCT_NAME = "$(TARGET_NAME)";
				TEST_HOST = "$(BUNDLE_LOADER)";
				WRAPPER_EXTENSION = xctest;
			};
			name = Release;
		};
/* End XCBuildConfiguration section */

/* Begin XCConfigurationList section */
		0A07F96018584C71003F523E /* Build configuration list for PBXProject "PM" */ = {
			isa = XCConfigurationList;
			buildConfigurations = (
				0A07F99518584C71003F523E /* Debug */,
				0A07F99618584C71003F523E /* Release */,
			);
			defaultConfigurationIsVisible = 0;
			defaultConfigurationName = Release;
		};
		0A07F99718584C71003F523E /* Build configuration list for PBXNativeTarget "PM" */ = {
			isa = XCConfigurationList;
			buildConfigurations = (
				0A07F99818584C71003F523E /* Debug */,
				0A07F99918584C71003F523E /* Release */,
			);
			defaultConfigurationIsVisible = 0;
			defaultConfigurationName = Release;
		};
		0A07F99A18584C71003F523E /* Build configuration list for PBXNativeTarget "PMTests" */ = {
			isa = XCConfigurationList;
			buildConfigurations = (
				0A07F99B18584C71003F523E /* Debug */,
				0A07F99C18584C71003F523E /* Release */,
			);
			defaultConfigurationIsVisible = 0;
			defaultConfigurationName = Release;
		};
/* End XCConfigurationList section */
	};
	rootObject = 0A07F95D18584C71003F523E /* Project object */;
}
